
Microsoft Visual Studio Solution File, Format Version 12.00
# Visual Studio 2012
Project("{FAE04EC0-301F-11D3-BF4B-00C04F79EFBC}") = "MTParser", "MTParser\MTParser.csproj", "{BB31C095-BB24-4D9C-A2A1-D04415A39107}"
EndProject
Project("{FAE04EC0-301F-11D3-BF4B-00C04F79EFBC}") = "MTParserUnitTest", "MTParserUnitTest\MTParserUnitTest.csproj", "{DC0A5597-9222-4939-81BF-45367E1F812A}"
EndProject
Global
	GlobalSection(SolutionConfigurationPlatforms) = preSolution
		Debug|Any CPU = Debug|Any CPU
		Release|Any CPU = Release|Any CPU
	EndGlobalSection
	GlobalSection(ProjectConfigurationPlatforms) = postSolution
		{BB31C095-BB24-4D9C-A2A1-D04415A39107}.Debug|Any CPU.ActiveCfg = Debug|Any CPU
		{BB31C095-BB24-4D9C-A2A1-D04415A39107}.Debug|Any CPU.Build.0 = Debug|Any CPU
		{BB31C095-BB24-4D9C-A2A1-D04415A39107}.Release|Any CPU.ActiveCfg = Release|Any CPU
		{BB31C095-BB24-4D9C-A2A1-D04415A39107}.Release|Any CPU.Build.0 = Release|Any CPU
		{DC0A5597-9222-4939-81BF-45367E1F812A}.Debug|Any CPU.ActiveCfg = Debug|Any CPU
		{DC0A5597-9222-4939-81BF-45367E1F812A}.Debug|Any CPU.Build.0 = Debug|Any CPU
		{DC0A5597-9222-4939-81BF-45367E1F812A}.Release|Any CPU.ActiveCfg = Release|Any CPU
		{DC0A5597-9222-4939-81BF-45367E1F812A}.Release|Any CPU.Build.0 = Release|Any CPU
	EndGlobalSection
	GlobalSection(SolutionProperties) = preSolution
		HideSolutionNode = FALSE
	EndGlobalSection
EndGlobal
